PODS:
  - Alamofire (5.4.3)
  - AlamofireImage (4.2.0):
    - Alamofire (~> 5.4)
  - Bolts/Tasks (1.9.1)
  - iOSDropDown (0.3.4)
  - Koyomi (1.2.7)
  - Parse (1.19.3):
    - Parse/Core (= 1.19.3)
  - Parse/Core (1.19.3):
    - Bolts/Tasks (= 1.9.1)

DEPENDENCIES:
  - AlamofireImage
  - iOSDropDown
  - Koyomi
  - Parse

SPEC REPOS:
  trunk:
    - Alamofire
    - AlamofireImage
    - Bolts
    - iOSDropDown
    - Koyomi
    - Parse

SPEC CHECKSUMS:
  Alamofire: e447a2774a40c996748296fa2c55112fdbbc42f9
  AlamofireImage: 34a2d90b0e5fe6a5605f85ae4b7b01e784c60192
  Bolts: 8c1e8aab2f603387b8b9924f57d1d64f43d3ffdc
  iOSDropDown: c10a761f9a00c3f1cc9d3bce43ae504628e2f692
  Koyomi: f03615b8d2bb5a5a4752c6404a9794ed7ef7b327
  Parse: 0abb63a0ff6fa34a3f64b81d595a294e2ece143a

PODFILE CHECKSUM: f870851b5c8b703ac511b5623c110ac0c4a1b5a4

COCOAPODS: 1.11.2
