// !$*UTF8*$!
{
	archiveVersion = 1;
	classes = {
	};
	objectVersion = 55;
	objects = {

/* Begin PBXBuildFile section */
		92E8304F27DD5FE300177B4F /* SignIn.storyboard in Resources */ = {isa = PBXBuildFile; fileRef = 92E8304E27DD5FE300177B4F /* SignIn.storyboard */; };
		92E8305127DD603D00177B4F /* SignInViewController.swift in Sources */ = {isa = PBXBuildFile; fileRef = 92E8305027DD603D00177B4F /* SignInViewController.swift */; };
		C388933627D9BA1100504C49 /* AppDelegate.swift in Sources */ = {isa = PBXBuildFile; fileRef = C388933527D9BA1100504C49 /* AppDelegate.swift */; };
		C388933827D9BA1100504C49 /* SceneDelegate.swift in Sources */ = {isa = PBXBuildFile; fileRef = C388933727D9BA1100504C49 /* SceneDelegate.swift */; };
		C388933F27D9BA1400504C49 /* Assets.xcassets in Resources */ = {isa = PBXBuildFile; fileRef = C388933E27D9BA1400504C49 /* Assets.xcassets */; };
		C388934227D9BA1400504C49 /* LaunchScreen.storyboard in Resources */ = {isa = PBXBuildFile; fileRef = C388934027D9BA1400504C49 /* LaunchScreen.storyboard */; };
		C388934B27D9C6B400504C49 /* MainViewController.swift in Sources */ = {isa = PBXBuildFile; fileRef = C388934A27D9C6B400504C49 /* MainViewController.swift */; };
		C388934D27D9C70D00504C49 /* NSObject + Extension.swift in Sources */ = {isa = PBXBuildFile; fileRef = C388934C27D9C70D00504C49 /* NSObject + Extension.swift */; };
		C388935027D9C79800504C49 /* HomeViewController.swift in Sources */ = {isa = PBXBuildFile; fileRef = C388934F27D9C79800504C49 /* HomeViewController.swift */; };
		C388935227D9C9B200504C49 /* Home.storyboard in Resources */ = {isa = PBXBuildFile; fileRef = C388935127D9C9B200504C49 /* Home.storyboard */; };
/* End PBXBuildFile section */

/* Begin PBXFileReference section */
		92E8304E27DD5FE300177B4F /* SignIn.storyboard */ = {isa = PBXFileReference; lastKnownFileType = file.storyboard; name = SignIn.storyboard; path = "../../../../wiz D/Work/MedNotes/MedNotes_Rev1/MedNotes_Rev1/View Controllers/SignIn.storyboard"; sourceTree = "<group>"; };
		92E8305027DD603D00177B4F /* SignInViewController.swift */ = {isa = PBXFileReference; lastKnownFileType = sourcecode.swift; name = SignInViewController.swift; path = MyVacation/SignInViewController.swift; sourceTree = SOURCE_ROOT; };
		C388933227D9BA1100504C49 /* MyVacation.app */ = {isa = PBXFileReference; explicitFileType = wrapper.application; includeInIndex = 0; path = MyVacation.app; sourceTree = BUILT_PRODUCTS_DIR; };
		C388933527D9BA1100504C49 /* AppDelegate.swift */ = {isa = PBXFileReference; lastKnownFileType = sourcecode.swift; path = AppDelegate.swift; sourceTree = "<group>"; };
		C388933727D9BA1100504C49 /* SceneDelegate.swift */ = {isa = PBXFileReference; lastKnownFileType = sourcecode.swift; path = SceneDelegate.swift; sourceTree = "<group>"; };
		C388933E27D9BA1400504C49 /* Assets.xcassets */ = {isa = PBXFileReference; lastKnownFileType = folder.assetcatalog; path = Assets.xcassets; sourceTree = "<group>"; };
		C388934127D9BA1400504C49 /* Base */ = {isa = PBXFileReference; lastKnownFileType = file.storyboard; name = Base; path = Base.lproj/LaunchScreen.storyboard; sourceTree = "<group>"; };
		C388934327D9BA1400504C49 /* Info.plist */ = {isa = PBXFileReference; lastKnownFileType = text.plist.xml; path = Info.plist; sourceTree = "<group>"; };
		C388934A27D9C6B400504C49 /* MainViewController.swift */ = {isa = PBXFileReference; lastKnownFileType = sourcecode.swift; path = MainViewController.swift; sourceTree = "<group>"; };
		C388934C27D9C70D00504C49 /* NSObject + Extension.swift */ = {isa = PBXFileReference; lastKnownFileType = sourcecode.swift; path = "NSObject + Extension.swift"; sourceTree = "<group>"; };
		C388934F27D9C79800504C49 /* HomeViewController.swift */ = {isa = PBXFileReference; lastKnownFileType = sourcecode.swift; path = HomeViewController.swift; sourceTree = "<group>"; };
		C388935127D9C9B200504C49 /* Home.storyboard */ = {isa = PBXFileReference; lastKnownFileType = file.storyboard; path = Home.storyboard; sourceTree = "<group>"; };
/* End PBXFileReference section */

/* Begin PBXFrameworksBuildPhase section */
		C388932F27D9BA1100504C49 /* Frameworks */ = {
			isa = PBXFrameworksBuildPhase;
			buildActionMask = 2147483647;
			files = (
			);
			runOnlyForDeploymentPostprocessing = 0;
		};
/* End PBXFrameworksBuildPhase section */

/* Begin PBXGroup section */
		C388932927D9BA1100504C49 = {
			isa = PBXGroup;
			children = (
				C388933427D9BA1100504C49 /* MyVacation */,
				C388933327D9BA1100504C49 /* Products */,
			);
			sourceTree = "<group>";
		};
		C388933327D9BA1100504C49 /* Products */ = {
			isa = PBXGroup;
			children = (
				C388933227D9BA1100504C49 /* MyVacation.app */,
			);
			name = Products;
			sourceTree = "<group>";
		};
		C388933427D9BA1100504C49 /* MyVacation */ = {
			isa = PBXGroup;
			children = (
				C388933527D9BA1100504C49 /* AppDelegate.swift */,
				C388933727D9BA1100504C49 /* SceneDelegate.swift */,
				C388935627D9CDC900504C49 /* Launch Screen */,
				C388935427D9CD9900504C49 /* SignIn */,
				C388935527D9CDA800504C49 /* Plan Vacation */,
				C388935327D9C9FB00504C49 /* Tab Bar */,
				C388933E27D9BA1400504C49 /* Assets.xcassets */,
				C388934927D9C68E00504C49 /* Extensions */,
				C388934327D9BA1400504C49 /* Info.plist */,
			);
			path = MyVacation;
			sourceTree = "<group>";
		};
		C388934927D9C68E00504C49 /* Extensions */ = {
			isa = PBXGroup;
			children = (
				C388934A27D9C6B400504C49 /* MainViewController.swift */,
				C388934C27D9C70D00504C49 /* NSObject + Extension.swift */,
			);
			path = Extensions;
			sourceTree = "<group>";
		};
		C388934E27D9C77800504C49 /* Home */ = {
			isa = PBXGroup;
			children = (
				C388934F27D9C79800504C49 /* HomeViewController.swift */,
				C388935127D9C9B200504C49 /* Home.storyboard */,
			);
			path = Home;
			sourceTree = "<group>";
		};
		C388935327D9C9FB00504C49 /* Tab Bar */ = {
			isa = PBXGroup;
			children = (
				C388934E27D9C77800504C49 /* Home */,
			);
			path = "Tab Bar";
			sourceTree = "<group>";
		};
		C388935427D9CD9900504C49 /* SignIn */ = {
			isa = PBXGroup;
			children = (
				92E8305027DD603D00177B4F /* SignInViewController.swift */,
				92E8304E27DD5FE300177B4F /* SignIn.storyboard */,
			);
			path = SignIn;
			sourceTree = "<group>";
		};
		C388935527D9CDA800504C49 /* Plan Vacation */ = {
			isa = PBXGroup;
			children = (
			);
			path = "Plan Vacation";
			sourceTree = "<group>";
		};
		C388935627D9CDC900504C49 /* Launch Screen */ = {
			isa = PBXGroup;
			children = (
				C388934027D9BA1400504C49 /* LaunchScreen.storyboard */,
			);
			path = "Launch Screen";
			sourceTree = "<group>";
		};
/* End PBXGroup section */

/* Begin PBXNativeTarget section */
		C388933127D9BA1100504C49 /* MyVacation */ = {
			isa = PBXNativeTarget;
			buildConfigurationList = C388934627D9BA1400504C49 /* Build configuration list for PBXNativeTarget "MyVacation" */;
			buildPhases = (
				C388932E27D9BA1100504C49 /* Sources */,
				C388932F27D9BA1100504C49 /* Frameworks */,
				C388933027D9BA1100504C49 /* Resources */,
			);
			buildRules = (
			);
			dependencies = (
			);
			name = MyVacation;
			productName = MyVacation;
			productReference = C388933227D9BA1100504C49 /* MyVacation.app */;
			productType = "com.apple.product-type.application";
		};
/* End PBXNativeTarget section */

/* Begin PBXProject section */
		C388932A27D9BA1100504C49 /* Project object */ = {
			isa = PBXProject;
			attributes = {
				BuildIndependentTargetsInParallel = 1;
				LastSwiftUpdateCheck = 1320;
				LastUpgradeCheck = 1320;
				TargetAttributes = {
					C388933127D9BA1100504C49 = {
						CreatedOnToolsVersion = 13.2.1;
					};
				};
			};
			buildConfigurationList = C388932D27D9BA1100504C49 /* Build configuration list for PBXProject "MyVacation" */;
			compatibilityVersion = "Xcode 13.0";
			developmentRegion = en;
			hasScannedForEncodings = 0;
			knownRegions = (
				en,
				Base,
			);
			mainGroup = C388932927D9BA1100504C49;
			productRefGroup = C388933327D9BA1100504C49 /* Products */;
			projectDirPath = "";
			projectRoot = "";
			targets = (
				C388933127D9BA1100504C49 /* MyVacation */,
			);
		};
/* End PBXProject section */

/* Begin PBXResourcesBuildPhase section */
		C388933027D9BA1100504C49 /* Resources */ = {
			isa = PBXResourcesBuildPhase;
			buildActionMask = 2147483647;
			files = (
				92E8304F27DD5FE300177B4F /* SignIn.storyboard in Resources */,
				C388934227D9BA1400504C49 /* LaunchScreen.storyboard in Resources */,
				C388933F27D9BA1400504C49 /* Assets.xcassets in Resources */,
				C388935227D9C9B200504C49 /* Home.storyboard in Resources */,
			);
			runOnlyForDeploymentPostprocessing = 0;
		};
/* End PBXResourcesBuildPhase section */

/* Begin PBXSourcesBuildPhase section */
		C388932E27D9BA1100504C49 /* Sources */ = {
			isa = PBXSourcesBuildPhase;
			buildActionMask = 2147483647;
			files = (
				C388934B27D9C6B400504C49 /* MainViewController.swift in Sources */,
				C388933627D9BA1100504C49 /* AppDelegate.swift in Sources */,
				92E8305127DD603D00177B4F /* SignInViewController.swift in Sources */,
				C388933827D9BA1100504C49 /* SceneDelegate.swift in Sources */,
				C388934D27D9C70D00504C49 /* NSObject + Extension.swift in Sources */,
				C388935027D9C79800504C49 /* HomeViewController.swift in Sources */,
			);
			runOnlyForDeploymentPostprocessing = 0;
		};
/* End PBXSourcesBuildPhase section */

/* Begin PBXVariantGroup section */
		C388934027D9BA1400504C49 /* LaunchScreen.storyboard */ = {
			isa = PBXVariantGroup;
			children = (
				C388934127D9BA1400504C49 /* Base */,
			);
			name = LaunchScreen.storyboard;
			sourceTree = "<group>";
		};
/* End PBXVariantGroup section */

/* Begin XCBuildConfiguration section */
		C388934427D9BA1400504C49 /* Debug */ = {
			isa = XCBuildConfiguration;
			buildSettings = {
				ALWAYS_SEARCH_USER_PATHS = NO;
				CLANG_ANALYZER_NONNULL = YES;
				CLANG_ANALYZER_NUMBER_OBJECT_CONVERSION = YES_AGGRESSIVE;
				CLANG_CXX_LANGUAGE_STANDARD = "gnu++17";
				CLANG_CXX_LIBRARY = "libc++";
				CLANG_ENABLE_MODULES = YES;
				CLANG_ENABLE_OBJC_ARC = YES;
				CLANG_ENABLE_OBJC_WEAK = YES;
				CLANG_WARN_BLOCK_CAPTURE_AUTORELEASING = YES;
				CLANG_WARN_BOOL_CONVERSION = YES;
				CLANG_WARN_COMMA = YES;
				CLANG_WARN_CONSTANT_CONVERSION = YES;
				CLANG_WARN_DEPRECATED_OBJC_IMPLEMENTATIONS = YES;
				CLANG_WARN_DIRECT_OBJC_ISA_USAGE = YES_ERROR;
				CLANG_WARN_DOCUMENTATION_COMMENTS = YES;
				CLANG_WARN_EMPTY_BODY = YES;
				CLANG_WARN_ENUM_CONVERSION = YES;
				CLANG_WARN_INFINITE_RECURSION = YES;
				CLANG_WARN_INT_CONVERSION = YES;
				CLANG_WARN_NON_LITERAL_NULL_CONVERSION = YES;
				CLANG_WARN_OBJC_IMPLICIT_RETAIN_SELF = YES;
				CLANG_WARN_OBJC_LITERAL_CONVERSION = YES;
				CLANG_WARN_OBJC_ROOT_CLASS = YES_ERROR;
				CLANG_WARN_QUOTED_INCLUDE_IN_FRAMEWORK_HEADER = YES;
				CLANG_WARN_RANGE_LOOP_ANALYSIS = YES;
				CLANG_WARN_STRICT_PROTOTYPES = YES;
				CLANG_WARN_SUSPICIOUS_MOVE = YES;
				CLANG_WARN_UNGUARDED_AVAILABILITY = YES_AGGRESSIVE;
				CLANG_WARN_UNREACHABLE_CODE = YES;
				CLANG_WARN__DUPLICATE_METHOD_MATCH = YES;
				COPY_PHASE_STRIP = NO;
				DEBUG_INFORMATION_FORMAT = dwarf;
				ENABLE_STRICT_OBJC_MSGSEND = YES;
				ENABLE_TESTABILITY = YES;
				GCC_C_LANGUAGE_STANDARD = gnu11;
				GCC_DYNAMIC_NO_PIC = NO;
				GCC_NO_COMMON_BLOCKS = YES;
				GCC_OPTIMIZATION_LEVEL = 0;
				GCC_PREPROCESSOR_DEFINITIONS = (
					"DEBUG=1",
					"$(inherited)",
				);
				GCC_WARN_64_TO_32_BIT_CONVERSION = YES;
				GCC_WARN_ABOUT_RETURN_TYPE = YES_ERROR;
				GCC_WARN_UNDECLARED_SELECTOR = YES;
				GCC_WARN_UNINITIALIZED_AUTOS = YES_AGGRESSIVE;
				GCC_WARN_UNUSED_FUNCTION = YES;
				GCC_WARN_UNUSED_VARIABLE = YES;
				IPHONEOS_DEPLOYMENT_TARGET = 15.2;
				MTL_ENABLE_DEBUG_INFO = INCLUDE_SOURCE;
				MTL_FAST_MATH = YES;
				ONLY_ACTIVE_ARCH = YES;
				SDKROOT = iphoneos;
				SWIFT_ACTIVE_COMPILATION_CONDITIONS = DEBUG;
				SWIFT_OPTIMIZATION_LEVEL = "-Onone";
			};
			name = Debug;
		};
		C388934527D9BA1400504C49 /* Release */ = {
			isa = XCBuildConfiguration;
			buildSettings = {
				ALWAYS_SEARCH_USER_PATHS = NO;
				CLANG_ANALYZER_NONNULL = YES;
				CLANG_ANALYZER_NUMBER_OBJECT_CONVERSION = YES_AGGRESSIVE;
				CLANG_CXX_LANGUAGE_STANDARD = "gnu++17";
				CLANG_CXX_LIBRARY = "libc++";
				CLANG_ENABLE_MODULES = YES;
				CLANG_ENABLE_OBJC_ARC = YES;
				CLANG_ENABLE_OBJC_WEAK = YES;
				CLANG_WARN_BLOCK_CAPTURE_AUTORELEASING = YES;
				CLANG_WARN_BOOL_CONVERSION = YES;
				CLANG_WARN_COMMA = YES;
				CLANG_WARN_CONSTANT_CONVERSION = YES;
				CLANG_WARN_DEPRECATED_OBJC_IMPLEMENTATIONS = YES;
				CLANG_WARN_DIRECT_OBJC_ISA_USAGE = YES_ERROR;
				CLANG_WARN_DOCUMENTATION_COMMENTS = YES;
				CLANG_WARN_EMPTY_BODY = YES;
				CLANG_WARN_ENUM_CONVERSION = YES;
				CLANG_WARN_INFINITE_RECURSION = YES;
				CLANG_WARN_INT_CONVERSION = YES;
				CLANG_WARN_NON_LITERAL_NULL_CONVERSION = YES;
				CLANG_WARN_OBJC_IMPLICIT_RETAIN_SELF = YES;
				CLANG_WARN_OBJC_LITERAL_CONVERSION = YES;
				CLANG_WARN_OBJC_ROOT_CLASS = YES_ERROR;
				CLANG_WARN_QUOTED_INCLUDE_IN_FRAMEWORK_HEADER = YES;
				CLANG_WARN_RANGE_LOOP_ANALYSIS = YES;
				CLANG_WARN_STRICT_PROTOTYPES = YES;
				CLANG_WARN_SUSPICIOUS_MOVE = YES;
				CLANG_WARN_UNGUARDED_AVAILABILITY = YES_AGGRESSIVE;
				CLANG_WARN_UNREACHABLE_CODE = YES;
				CLANG_WARN__DUPLICATE_METHOD_MATCH = YES;
				COPY_PHASE_STRIP = NO;
				DEBUG_INFORMATION_FORMAT = "dwarf-with-dsym";
				ENABLE_NS_ASSERTIONS = NO;
				ENABLE_STRICT_OBJC_MSGSEND = YES;
				GCC_C_LANGUAGE_STANDARD = gnu11;
				GCC_NO_COMMON_BLOCKS = YES;
				GCC_WARN_64_TO_32_BIT_CONVERSION = YES;
				GCC_WARN_ABOUT_RETURN_TYPE = YES_ERROR;
				GCC_WARN_UNDECLARED_SELECTOR = YES;
				GCC_WARN_UNINITIALIZED_AUTOS = YES_AGGRESSIVE;
				GCC_WARN_UNUSED_FUNCTION = YES;
				GCC_WARN_UNUSED_VARIABLE = YES;
				IPHONEOS_DEPLOYMENT_TARGET = 15.2;
				MTL_ENABLE_DEBUG_INFO = NO;
				MTL_FAST_MATH = YES;
				SDKROOT = iphoneos;
				SWIFT_COMPILATION_MODE = wholemodule;
				SWIFT_OPTIMIZATION_LEVEL = "-O";
				VALIDATE_PRODUCT = YES;
			};
			name = Release;
		};
		C388934727D9BA1400504C49 /* Debug */ = {
			isa = XCBuildConfiguration;
			buildSettings = {
				ASSETCATALOG_COMPILER_APPICON_NAME = AppIcon;
				ASSETCATALOG_COMPILER_GLOBAL_ACCENT_COLOR_NAME = AccentColor;
				CODE_SIGN_STYLE = Automatic;
				CURRENT_PROJECT_VERSION = 1;
				DEVELOPMENT_TEAM = X3Y28ZY2MG;
				GENERATE_INFOPLIST_FILE = YES;
				INFOPLIST_FILE = MyVacation/Info.plist;
				INFOPLIST_KEY_UIApplicationSupportsIndirectInputEvents = YES;
				INFOPLIST_KEY_UILaunchStoryboardName = LaunchScreen;
				INFOPLIST_KEY_UIMainStoryboardFile = SignIn;
				INFOPLIST_KEY_UISupportedInterfaceOrientations_iPad = "UIInterfaceOrientationPortrait UIInterfaceOrientationPortraitUpsideDown UIInterfaceOrientationLandscapeLeft UIInterfaceOrientationLandscapeRight";
				INFOPLIST_KEY_UISupportedInterfaceOrientations_iPhone = "UIInterfaceOrientationPortrait UIInterfaceOrientationLandscapeLeft UIInterfaceOrientationLandscapeRight";
				IPHONEOS_DEPLOYMENT_TARGET = 14.0;
				LD_RUNPATH_SEARCH_PATHS = (
					"$(inherited)",
					"@executable_path/Frameworks",
				);
				MARKETING_VERSION = 1.0;
				PRODUCT_BUNDLE_IDENTIFIER = com.dbantan.MyVacation;
				PRODUCT_NAME = "$(TARGET_NAME)";
				SWIFT_EMIT_LOC_STRINGS = YES;
				SWIFT_VERSION = 5.0;
				TARGETED_DEVICE_FAMILY = "1,2";
			};
			name = Debug;
		};
		C388934827D9BA1400504C49 /* Release */ = {
			isa = XCBuildConfiguration;
			buildSettings = {
				ASSETCATALOG_COMPILER_APPICON_NAME = AppIcon;
				ASSETCATALOG_COMPILER_GLOBAL_ACCENT_COLOR_NAME = AccentColor;
				CODE_SIGN_STYLE = Automatic;
				CURRENT_PROJECT_VERSION = 1;
				DEVELOPMENT_TEAM = X3Y28ZY2MG;
				GENERATE_INFOPLIST_FILE = YES;
				INFOPLIST_FILE = MyVacation/Info.plist;
				INFOPLIST_KEY_UIApplicationSupportsIndirectInputEvents = YES;
				INFOPLIST_KEY_UILaunchStoryboardName = LaunchScreen;
				INFOPLIST_KEY_UIMainStoryboardFile = SignIn;
				INFOPLIST_KEY_UISupportedInterfaceOrientations_iPad = "UIInterfaceOrientationPortrait UIInterfaceOrientationPortraitUpsideDown UIInterfaceOrientationLandscapeLeft UIInterfaceOrientationLandscapeRight";
				INFOPLIST_KEY_UISupportedInterfaceOrientations_iPhone = "UIInterfaceOrientationPortrait UIInterfaceOrientationLandscapeLeft UIInterfaceOrientationLandscapeRight";
				IPHONEOS_DEPLOYMENT_TARGET = 14.0;
				LD_RUNPATH_SEARCH_PATHS = (
					"$(inherited)",
					"@executable_path/Frameworks",
				);
				MARKETING_VERSION = 1.0;
				PRODUCT_BUNDLE_IDENTIFIER = com.dbantan.MyVacation;
				PRODUCT_NAME = "$(TARGET_NAME)";
				SWIFT_EMIT_LOC_STRINGS = YES;
				SWIFT_VERSION = 5.0;
				TARGETED_DEVICE_FAMILY = "1,2";
			};
			name = Release;
		};
/* End XCBuildConfiguration section */

/* Begin XCConfigurationList section */
		C388932D27D9BA1100504C49 /* Build configuration list for PBXProject "MyVacation" */ = {
			isa = XCConfigurationList;
			buildConfigurations = (
				C388934427D9BA1400504C49 /* Debug */,
				C388934527D9BA1400504C49 /* Release */,
			);
			defaultConfigurationIsVisible = 0;
			defaultConfigurationName = Release;
		};
		C388934627D9BA1400504C49 /* Build configuration list for PBXNativeTarget "MyVacation" */ = {
			isa = XCConfigurationList;
			buildConfigurations = (
				C388934727D9BA1400504C49 /* Debug */,
				C388934827D9BA1400504C49 /* Release */,
			);
			defaultConfigurationIsVisible = 0;
			defaultConfigurationName = Release;
		};
/* End XCConfigurationList section */
	};
	rootObject = C388932A27D9BA1100504C49 /* Project object */;
}
