// !$*UTF8*$!
{
	archiveVersion = 1;
	classes = {
	};
	objectVersion = 55;
	objects = {

/* Begin PBXBuildFile section */
		3212F7A440205C0A1101B950 /* Pods_MyVacation.framework in Frameworks */ = {isa = PBXBuildFile; fileRef = 4C57F0DCF064A97F146A3E7E /* Pods_MyVacation.framework */; };
		5BC9C14B27E7CF87003231FF /* Plan.swift in Sources */ = {isa = PBXBuildFile; fileRef = 5BC9C14A27E7CF87003231FF /* Plan.swift */; };
		5BFB14C127DF97C300F77EF8 /* Plan.storyboard in Resources */ = {isa = PBXBuildFile; fileRef = 5BFB14C027DF97C300F77EF8 /* Plan.storyboard */; };
		5BFB14C327DF97CD00F77EF8 /* PlanViewController.swift in Sources */ = {isa = PBXBuildFile; fileRef = 5BFB14C227DF97CD00F77EF8 /* PlanViewController.swift */; };
		5BFB14C527DFECAE00F77EF8 /* PlacesViewController.swift in Sources */ = {isa = PBXBuildFile; fileRef = 5BFB14C427DFECAE00F77EF8 /* PlacesViewController.swift */; };
		92E8305527DDC58000177B4F /* SignInUp.storyboard in Resources */ = {isa = PBXBuildFile; fileRef = 92E8305427DDC58000177B4F /* SignInUp.storyboard */; };
		92E8305727DDC60800177B4F /* SignInUpViewController.swift in Sources */ = {isa = PBXBuildFile; fileRef = 92E8305627DDC60800177B4F /* SignInUpViewController.swift */; };
		C3357F9E27E0F8BC00ED59B6 /* TabBarController.swift in Sources */ = {isa = PBXBuildFile; fileRef = C3357F9D27E0F8BC00ED59B6 /* TabBarController.swift */; };
		C3357FA327E0FA6900ED59B6 /* SettingsViewController.swift in Sources */ = {isa = PBXBuildFile; fileRef = C3357FA227E0FA6900ED59B6 /* SettingsViewController.swift */; };
		C3357FA527E0FA7700ED59B6 /* Settings.storyboard in Resources */ = {isa = PBXBuildFile; fileRef = C3357FA427E0FA7700ED59B6 /* Settings.storyboard */; };
		C3357FA727E0FAA300ED59B6 /* PopularVacations.storyboard in Resources */ = {isa = PBXBuildFile; fileRef = C3357FA627E0FAA300ED59B6 /* PopularVacations.storyboard */; };
		C3357FA927E0FAAE00ED59B6 /* PopularVacationsViewController.swift in Sources */ = {isa = PBXBuildFile; fileRef = C3357FA827E0FAAE00ED59B6 /* PopularVacationsViewController.swift */; };
		C3357FAB27E0FACC00ED59B6 /* MapViewController.swift in Sources */ = {isa = PBXBuildFile; fileRef = C3357FAA27E0FACC00ED59B6 /* MapViewController.swift */; };
		C3357FAD27E0FAD600ED59B6 /* Map.storyboard in Resources */ = {isa = PBXBuildFile; fileRef = C3357FAC27E0FAD600ED59B6 /* Map.storyboard */; };
		C3357FB127E10B8800ED59B6 /* HomeViewController.swift in Sources */ = {isa = PBXBuildFile; fileRef = C388934F27D9C79800504C49 /* HomeViewController.swift */; };
		C388933627D9BA1100504C49 /* AppDelegate.swift in Sources */ = {isa = PBXBuildFile; fileRef = C388933527D9BA1100504C49 /* AppDelegate.swift */; };
		C388933827D9BA1100504C49 /* SceneDelegate.swift in Sources */ = {isa = PBXBuildFile; fileRef = C388933727D9BA1100504C49 /* SceneDelegate.swift */; };
		C388933F27D9BA1400504C49 /* Assets.xcassets in Resources */ = {isa = PBXBuildFile; fileRef = C388933E27D9BA1400504C49 /* Assets.xcassets */; };
		C388934227D9BA1400504C49 /* LaunchScreen.storyboard in Resources */ = {isa = PBXBuildFile; fileRef = C388934027D9BA1400504C49 /* LaunchScreen.storyboard */; };
		C388934B27D9C6B400504C49 /* MainViewController.swift in Sources */ = {isa = PBXBuildFile; fileRef = C388934A27D9C6B400504C49 /* MainViewController.swift */; };
		C388934D27D9C70D00504C49 /* NSObject + Extension.swift in Sources */ = {isa = PBXBuildFile; fileRef = C388934C27D9C70D00504C49 /* NSObject + Extension.swift */; };
		C388935227D9C9B200504C49 /* Home.storyboard in Resources */ = {isa = PBXBuildFile; fileRef = C388935127D9C9B200504C49 /* Home.storyboard */; };
		C38D67A727DE90ED0076DF12 /* VacationCell.swift in Sources */ = {isa = PBXBuildFile; fileRef = C38D67A527DE90EC0076DF12 /* VacationCell.swift */; };
		C38D67A827DE90ED0076DF12 /* VacationCell.xib in Resources */ = {isa = PBXBuildFile; fileRef = C38D67A627DE90EC0076DF12 /* VacationCell.xib */; };
		C38D67AA27DEA0E40076DF12 /* VacationDetailsViewController.swift in Sources */ = {isa = PBXBuildFile; fileRef = C38D67A927DEA0E40076DF12 /* VacationDetailsViewController.swift */; };
		C3F2869827DFD29100130254 /* WeatherCell.swift in Sources */ = {isa = PBXBuildFile; fileRef = C3F2869627DFD29100130254 /* WeatherCell.swift */; };
		C3F2869927DFD29100130254 /* WeatherCell.xib in Resources */ = {isa = PBXBuildFile; fileRef = C3F2869727DFD29100130254 /* WeatherCell.xib */; };
		C3F2869D27DFD2C800130254 /* InterestingPlaceCell.swift in Sources */ = {isa = PBXBuildFile; fileRef = C3F2869B27DFD2C800130254 /* InterestingPlaceCell.swift */; };
		C3F2869E27DFD2C800130254 /* InterestingPlaceCell.xib in Resources */ = {isa = PBXBuildFile; fileRef = C3F2869C27DFD2C800130254 /* InterestingPlaceCell.xib */; };
		C3F286A027DFD5AD00130254 /* UIView+Extension.swift in Sources */ = {isa = PBXBuildFile; fileRef = C3F2869F27DFD5AD00130254 /* UIView+Extension.swift */; };
		C3F286A227DFD7ED00130254 /* UICollectionView+ Extension.swift in Sources */ = {isa = PBXBuildFile; fileRef = C3F286A127DFD7ED00130254 /* UICollectionView+ Extension.swift */; };
		C3F286A427DFD94F00130254 /* UITableView+Extension.swift in Sources */ = {isa = PBXBuildFile; fileRef = C3F286A327DFD94F00130254 /* UITableView+Extension.swift */; };
		C3F286A727DFEA8600130254 /* UIImage+Extension.swift in Sources */ = {isa = PBXBuildFile; fileRef = C3F286A627DFEA8600130254 /* UIImage+Extension.swift */; };
/* End PBXBuildFile section */

/* Begin PBXFileReference section */
		4C57F0DCF064A97F146A3E7E /* Pods_MyVacation.framework */ = {isa = PBXFileReference; explicitFileType = wrapper.framework; includeInIndex = 0; path = Pods_MyVacation.framework; sourceTree = BUILT_PRODUCTS_DIR; };
		5BC9C14A27E7CF87003231FF /* Plan.swift */ = {isa = PBXFileReference; lastKnownFileType = sourcecode.swift; path = Plan.swift; sourceTree = "<group>"; };
		5BFB14C027DF97C300F77EF8 /* Plan.storyboard */ = {isa = PBXFileReference; lastKnownFileType = file.storyboard; path = Plan.storyboard; sourceTree = "<group>"; };
		5BFB14C227DF97CD00F77EF8 /* PlanViewController.swift */ = {isa = PBXFileReference; lastKnownFileType = sourcecode.swift; path = PlanViewController.swift; sourceTree = "<group>"; };
		5BFB14C427DFECAE00F77EF8 /* PlacesViewController.swift */ = {isa = PBXFileReference; lastKnownFileType = sourcecode.swift; path = PlacesViewController.swift; sourceTree = "<group>"; };
		61E237A416F361839089D00D /* Pods-MyVacation.release.xcconfig */ = {isa = PBXFileReference; includeInIndex = 1; lastKnownFileType = text.xcconfig; name = "Pods-MyVacation.release.xcconfig"; path = "Target Support Files/Pods-MyVacation/Pods-MyVacation.release.xcconfig"; sourceTree = "<group>"; };
		92E8305427DDC58000177B4F /* SignInUp.storyboard */ = {isa = PBXFileReference; lastKnownFileType = file.storyboard; path = SignInUp.storyboard; sourceTree = "<group>"; };
		92E8305627DDC60800177B4F /* SignInUpViewController.swift */ = {isa = PBXFileReference; lastKnownFileType = sourcecode.swift; path = SignInUpViewController.swift; sourceTree = "<group>"; };
		C3357F9D27E0F8BC00ED59B6 /* TabBarController.swift */ = {isa = PBXFileReference; lastKnownFileType = sourcecode.swift; path = TabBarController.swift; sourceTree = "<group>"; };
		C3357FA227E0FA6900ED59B6 /* SettingsViewController.swift */ = {isa = PBXFileReference; lastKnownFileType = sourcecode.swift; path = SettingsViewController.swift; sourceTree = "<group>"; };
		C3357FA427E0FA7700ED59B6 /* Settings.storyboard */ = {isa = PBXFileReference; lastKnownFileType = file.storyboard; path = Settings.storyboard; sourceTree = "<group>"; };
		C3357FA627E0FAA300ED59B6 /* PopularVacations.storyboard */ = {isa = PBXFileReference; lastKnownFileType = file.storyboard; path = PopularVacations.storyboard; sourceTree = "<group>"; };
		C3357FA827E0FAAE00ED59B6 /* PopularVacationsViewController.swift */ = {isa = PBXFileReference; lastKnownFileType = sourcecode.swift; path = PopularVacationsViewController.swift; sourceTree = "<group>"; };
		C3357FAA27E0FACC00ED59B6 /* MapViewController.swift */ = {isa = PBXFileReference; lastKnownFileType = sourcecode.swift; path = MapViewController.swift; sourceTree = "<group>"; };
		C3357FAC27E0FAD600ED59B6 /* Map.storyboard */ = {isa = PBXFileReference; lastKnownFileType = file.storyboard; path = Map.storyboard; sourceTree = "<group>"; };
		C388933227D9BA1100504C49 /* MyVacation.app */ = {isa = PBXFileReference; explicitFileType = wrapper.application; includeInIndex = 0; path = MyVacation.app; sourceTree = BUILT_PRODUCTS_DIR; };
		C388933527D9BA1100504C49 /* AppDelegate.swift */ = {isa = PBXFileReference; lastKnownFileType = sourcecode.swift; path = AppDelegate.swift; sourceTree = "<group>"; };
		C388933727D9BA1100504C49 /* SceneDelegate.swift */ = {isa = PBXFileReference; lastKnownFileType = sourcecode.swift; path = SceneDelegate.swift; sourceTree = "<group>"; };
		C388933E27D9BA1400504C49 /* Assets.xcassets */ = {isa = PBXFileReference; lastKnownFileType = folder.assetcatalog; path = Assets.xcassets; sourceTree = "<group>"; };
		C388934127D9BA1400504C49 /* Base */ = {isa = PBXFileReference; lastKnownFileType = file.storyboard; name = Base; path = Base.lproj/LaunchScreen.storyboard; sourceTree = "<group>"; };
		C388934327D9BA1400504C49 /* Info.plist */ = {isa = PBXFileReference; lastKnownFileType = text.plist.xml; path = Info.plist; sourceTree = "<group>"; };
		C388934A27D9C6B400504C49 /* MainViewController.swift */ = {isa = PBXFileReference; lastKnownFileType = sourcecode.swift; path = MainViewController.swift; sourceTree = "<group>"; };
		C388934C27D9C70D00504C49 /* NSObject + Extension.swift */ = {isa = PBXFileReference; lastKnownFileType = sourcecode.swift; path = "NSObject + Extension.swift"; sourceTree = "<group>"; };
		C388934F27D9C79800504C49 /* HomeViewController.swift */ = {isa = PBXFileReference; lastKnownFileType = sourcecode.swift; path = HomeViewController.swift; sourceTree = "<group>"; };
		C388935127D9C9B200504C49 /* Home.storyboard */ = {isa = PBXFileReference; lastKnownFileType = file.storyboard; path = Home.storyboard; sourceTree = "<group>"; };
		C38D67A527DE90EC0076DF12 /* VacationCell.swift */ = {isa = PBXFileReference; lastKnownFileType = sourcecode.swift; path = VacationCell.swift; sourceTree = "<group>"; };
		C38D67A627DE90EC0076DF12 /* VacationCell.xib */ = {isa = PBXFileReference; lastKnownFileType = file.xib; path = VacationCell.xib; sourceTree = "<group>"; };
		C38D67A927DEA0E40076DF12 /* VacationDetailsViewController.swift */ = {isa = PBXFileReference; lastKnownFileType = sourcecode.swift; path = VacationDetailsViewController.swift; sourceTree = "<group>"; };
		C3F2869627DFD29100130254 /* WeatherCell.swift */ = {isa = PBXFileReference; lastKnownFileType = sourcecode.swift; path = WeatherCell.swift; sourceTree = "<group>"; };
		C3F2869727DFD29100130254 /* WeatherCell.xib */ = {isa = PBXFileReference; lastKnownFileType = file.xib; path = WeatherCell.xib; sourceTree = "<group>"; };
		C3F2869B27DFD2C800130254 /* InterestingPlaceCell.swift */ = {isa = PBXFileReference; lastKnownFileType = sourcecode.swift; path = InterestingPlaceCell.swift; sourceTree = "<group>"; };
		C3F2869C27DFD2C800130254 /* InterestingPlaceCell.xib */ = {isa = PBXFileReference; lastKnownFileType = file.xib; path = InterestingPlaceCell.xib; sourceTree = "<group>"; };
		C3F2869F27DFD5AD00130254 /* UIView+Extension.swift */ = {isa = PBXFileReference; lastKnownFileType = sourcecode.swift; path = "UIView+Extension.swift"; sourceTree = "<group>"; };
		C3F286A127DFD7ED00130254 /* UICollectionView+ Extension.swift */ = {isa = PBXFileReference; lastKnownFileType = sourcecode.swift; path = "UICollectionView+ Extension.swift"; sourceTree = "<group>"; };
		C3F286A327DFD94F00130254 /* UITableView+Extension.swift */ = {isa = PBXFileReference; lastKnownFileType = sourcecode.swift; path = "UITableView+Extension.swift"; sourceTree = "<group>"; };
		C3F286A627DFEA8600130254 /* UIImage+Extension.swift */ = {isa = PBXFileReference; lastKnownFileType = sourcecode.swift; path = "UIImage+Extension.swift"; sourceTree = "<group>"; };
		EB27986006E84BE2E894F51B /* Pods-MyVacation.debug.xcconfig */ = {isa = PBXFileReference; includeInIndex = 1; lastKnownFileType = text.xcconfig; name = "Pods-MyVacation.debug.xcconfig"; path = "Target Support Files/Pods-MyVacation/Pods-MyVacation.debug.xcconfig"; sourceTree = "<group>"; };
/* End PBXFileReference section */

/* Begin PBXFrameworksBuildPhase section */
		C388932F27D9BA1100504C49 /* Frameworks */ = {
			isa = PBXFrameworksBuildPhase;
			buildActionMask = 2147483647;
			files = (
				3212F7A440205C0A1101B950 /* Pods_MyVacation.framework in Frameworks */,
			);
			runOnlyForDeploymentPostprocessing = 0;
		};
/* End PBXFrameworksBuildPhase section */

/* Begin PBXGroup section */
		061EB7315D28B56D2FAC9B85 /* Frameworks */ = {
			isa = PBXGroup;
			children = (
				4C57F0DCF064A97F146A3E7E /* Pods_MyVacation.framework */,
			);
			name = Frameworks;
			sourceTree = "<group>";
		};
		5BFB14BF27DF97B500F77EF8 /* Plan Vacation */ = {
			isa = PBXGroup;
			children = (
				5BFB14C027DF97C300F77EF8 /* Plan.storyboard */,
				5BFB14C227DF97CD00F77EF8 /* PlanViewController.swift */,
				5BFB14C427DFECAE00F77EF8 /* PlacesViewController.swift */,
				5BC9C14A27E7CF87003231FF /* Plan.swift */,
			);
			path = "Plan Vacation";
			sourceTree = "<group>";
		};
		65DF8025FF2C0092ED157FFB /* Pods */ = {
			isa = PBXGroup;
			children = (
				EB27986006E84BE2E894F51B /* Pods-MyVacation.debug.xcconfig */,
				61E237A416F361839089D00D /* Pods-MyVacation.release.xcconfig */,
			);
			path = Pods;
			sourceTree = "<group>";
		};
		92E8305227DDC49200177B4F /* SignInUp */ = {
			isa = PBXGroup;
			children = (
				92E8305427DDC58000177B4F /* SignInUp.storyboard */,
				92E8305627DDC60800177B4F /* SignInUpViewController.swift */,
			);
			path = SignInUp;
			sourceTree = "<group>";
		};
		C3357F9F27E0FA3D00ED59B6 /* Map */ = {
			isa = PBXGroup;
			children = (
				C3357FAA27E0FACC00ED59B6 /* MapViewController.swift */,
				C3357FAC27E0FAD600ED59B6 /* Map.storyboard */,
			);
			path = Map;
			sourceTree = "<group>";
		};
		C3357FA027E0FA4400ED59B6 /* Popular Vacations */ = {
			isa = PBXGroup;
			children = (
				C3357FA627E0FAA300ED59B6 /* PopularVacations.storyboard */,
				C3357FA827E0FAAE00ED59B6 /* PopularVacationsViewController.swift */,
			);
			path = "Popular Vacations";
			sourceTree = "<group>";
		};
		C3357FA127E0FA4D00ED59B6 /* Settings */ = {
			isa = PBXGroup;
			children = (
				C3357FA227E0FA6900ED59B6 /* SettingsViewController.swift */,
				C3357FA427E0FA7700ED59B6 /* Settings.storyboard */,
			);
			path = Settings;
			sourceTree = "<group>";
		};
		C388932927D9BA1100504C49 = {
			isa = PBXGroup;
			children = (
				C388933427D9BA1100504C49 /* MyVacation */,
				C388933327D9BA1100504C49 /* Products */,
				65DF8025FF2C0092ED157FFB /* Pods */,
				061EB7315D28B56D2FAC9B85 /* Frameworks */,
			);
			sourceTree = "<group>";
		};
		C388933327D9BA1100504C49 /* Products */ = {
			isa = PBXGroup;
			children = (
				C388933227D9BA1100504C49 /* MyVacation.app */,
			);
			name = Products;
			sourceTree = "<group>";
		};
		C388933427D9BA1100504C49 /* MyVacation */ = {
			isa = PBXGroup;
			children = (
				C388933527D9BA1100504C49 /* AppDelegate.swift */,
				C388933727D9BA1100504C49 /* SceneDelegate.swift */,
				92E8305227DDC49200177B4F /* SignInUp */,
				5BFB14BF27DF97B500F77EF8 /* Plan Vacation */,
				C388935327D9C9FB00504C49 /* Tab Bar */,
				C388935627D9CDC900504C49 /* Launch Screen */,
				C388933E27D9BA1400504C49 /* Assets.xcassets */,
				C388934927D9C68E00504C49 /* Extensions */,
				C388934327D9BA1400504C49 /* Info.plist */,
			);
			path = MyVacation;
			sourceTree = "<group>";
		};
		C388934927D9C68E00504C49 /* Extensions */ = {
			isa = PBXGroup;
			children = (
				C388934A27D9C6B400504C49 /* MainViewController.swift */,
				C388934C27D9C70D00504C49 /* NSObject + Extension.swift */,
				C3F2869F27DFD5AD00130254 /* UIView+Extension.swift */,
				C3F286A127DFD7ED00130254 /* UICollectionView+ Extension.swift */,
				C3F286A327DFD94F00130254 /* UITableView+Extension.swift */,
				C3F286A627DFEA8600130254 /* UIImage+Extension.swift */,
			);
			path = Extensions;
			sourceTree = "<group>";
		};
		C388934E27D9C77800504C49 /* Home */ = {
			isa = PBXGroup;
			children = (
				C3F286A527DFDA2B00130254 /* VacationDetail */,
				C3F2869427DFD25800130254 /* Vacation Cell */,
				C388934F27D9C79800504C49 /* HomeViewController.swift */,
				C388935127D9C9B200504C49 /* Home.storyboard */,
			);
			path = Home;
			sourceTree = "<group>";
		};
		C388935327D9C9FB00504C49 /* Tab Bar */ = {
			isa = PBXGroup;
			children = (
				C3357F9D27E0F8BC00ED59B6 /* TabBarController.swift */,
				C388934E27D9C77800504C49 /* Home */,
				C3357F9F27E0FA3D00ED59B6 /* Map */,
				C3357FA027E0FA4400ED59B6 /* Popular Vacations */,
				C3357FA127E0FA4D00ED59B6 /* Settings */,
			);
			path = "Tab Bar";
			sourceTree = "<group>";
		};
		C388935627D9CDC900504C49 /* Launch Screen */ = {
			isa = PBXGroup;
			children = (
				C388934027D9BA1400504C49 /* LaunchScreen.storyboard */,
			);
			path = "Launch Screen";
			sourceTree = "<group>";
		};
		C3F2869427DFD25800130254 /* Vacation Cell */ = {
			isa = PBXGroup;
			children = (
				C38D67A627DE90EC0076DF12 /* VacationCell.xib */,
				C38D67A527DE90EC0076DF12 /* VacationCell.swift */,
			);
			path = "Vacation Cell";
			sourceTree = "<group>";
		};
		C3F2869527DFD26B00130254 /* Weather Cell */ = {
			isa = PBXGroup;
			children = (
				C3F2869627DFD29100130254 /* WeatherCell.swift */,
				C3F2869727DFD29100130254 /* WeatherCell.xib */,
			);
			path = "Weather Cell";
			sourceTree = "<group>";
		};
		C3F2869A27DFD29800130254 /* InterestingPlace Cell */ = {
			isa = PBXGroup;
			children = (
				C3F2869B27DFD2C800130254 /* InterestingPlaceCell.swift */,
				C3F2869C27DFD2C800130254 /* InterestingPlaceCell.xib */,
			);
			path = "InterestingPlace Cell";
			sourceTree = "<group>";
		};
		C3F286A527DFDA2B00130254 /* VacationDetail */ = {
			isa = PBXGroup;
			children = (
				C38D67A927DEA0E40076DF12 /* VacationDetailsViewController.swift */,
				C3F2869527DFD26B00130254 /* Weather Cell */,
				C3F2869A27DFD29800130254 /* InterestingPlace Cell */,
			);
			path = VacationDetail;
			sourceTree = "<group>";
		};
/* End PBXGroup section */

/* Begin PBXNativeTarget section */
		C388933127D9BA1100504C49 /* MyVacation */ = {
			isa = PBXNativeTarget;
			buildConfigurationList = C388934627D9BA1400504C49 /* Build configuration list for PBXNativeTarget "MyVacation" */;
			buildPhases = (
				075D26B9448C15A7725D0A23 /* [CP] Check Pods Manifest.lock */,
				C388932E27D9BA1100504C49 /* Sources */,
				C388932F27D9BA1100504C49 /* Frameworks */,
				C388933027D9BA1100504C49 /* Resources */,
				8D602E5482920D3791BA2BFA /* [CP] Embed Pods Frameworks */,
			);
			buildRules = (
			);
			dependencies = (
			);
			name = MyVacation;
			productName = MyVacation;
			productReference = C388933227D9BA1100504C49 /* MyVacation.app */;
			productType = "com.apple.product-type.application";
		};
/* End PBXNativeTarget section */

/* Begin PBXProject section */
		C388932A27D9BA1100504C49 /* Project object */ = {
			isa = PBXProject;
			attributes = {
				BuildIndependentTargetsInParallel = 1;
				LastSwiftUpdateCheck = 1320;
				LastUpgradeCheck = 1320;
				TargetAttributes = {
					C388933127D9BA1100504C49 = {
						CreatedOnToolsVersion = 13.2.1;
					};
				};
			};
			buildConfigurationList = C388932D27D9BA1100504C49 /* Build configuration list for PBXProject "MyVacation" */;
			compatibilityVersion = "Xcode 13.0";
			developmentRegion = en;
			hasScannedForEncodings = 0;
			knownRegions = (
				en,
				Base,
			);
			mainGroup = C388932927D9BA1100504C49;
			productRefGroup = C388933327D9BA1100504C49 /* Products */;
			projectDirPath = "";
			projectRoot = "";
			targets = (
				C388933127D9BA1100504C49 /* MyVacation */,
			);
		};
/* End PBXProject section */

/* Begin PBXResourcesBuildPhase section */
		C388933027D9BA1100504C49 /* Resources */ = {
			isa = PBXResourcesBuildPhase;
			buildActionMask = 2147483647;
			files = (
				C388934227D9BA1400504C49 /* LaunchScreen.storyboard in Resources */,
				5BFB14C127DF97C300F77EF8 /* Plan.storyboard in Resources */,
				C388933F27D9BA1400504C49 /* Assets.xcassets in Resources */,
				C3357FAD27E0FAD600ED59B6 /* Map.storyboard in Resources */,
				C38D67A827DE90ED0076DF12 /* VacationCell.xib in Resources */,
				C388935227D9C9B200504C49 /* Home.storyboard in Resources */,
				C3F2869E27DFD2C800130254 /* InterestingPlaceCell.xib in Resources */,
				C3357FA727E0FAA300ED59B6 /* PopularVacations.storyboard in Resources */,
				C3F2869927DFD29100130254 /* WeatherCell.xib in Resources */,
				C3357FA527E0FA7700ED59B6 /* Settings.storyboard in Resources */,
				92E8305527DDC58000177B4F /* SignInUp.storyboard in Resources */,
			);
			runOnlyForDeploymentPostprocessing = 0;
		};
/* End PBXResourcesBuildPhase section */

/* Begin PBXShellScriptBuildPhase section */
		075D26B9448C15A7725D0A23 /* [CP] Check Pods Manifest.lock */ = {
			isa = PBXShellScriptBuildPhase;
			buildActionMask = 2147483647;
			files = (
			);
			inputFileListPaths = (
			);
			inputPaths = (
				"${PODS_PODFILE_DIR_PATH}/Podfile.lock",
				"${PODS_ROOT}/Manifest.lock",
			);
			name = "[CP] Check Pods Manifest.lock";
			outputFileListPaths = (
			);
			outputPaths = (
				"$(DERIVED_FILE_DIR)/Pods-MyVacation-checkManifestLockResult.txt",
			);
			runOnlyForDeploymentPostprocessing = 0;
			shellPath = /bin/sh;
			shellScript = "diff \"${PODS_PODFILE_DIR_PATH}/Podfile.lock\" \"${PODS_ROOT}/Manifest.lock\" > /dev/null\nif [ $? != 0 ] ; then\n    # print error to STDERR\n    echo \"error: The sandbox is not in sync with the Podfile.lock. Run 'pod install' or update your CocoaPods installation.\" >&2\n    exit 1\nfi\n# This output is used by Xcode 'outputs' to avoid re-running this script phase.\necho \"SUCCESS\" > \"${SCRIPT_OUTPUT_FILE_0}\"\n";
			showEnvVarsInLog = 0;
		};
		8D602E5482920D3791BA2BFA /* [CP] Embed Pods Frameworks */ = {
			isa = PBXShellScriptBuildPhase;
			buildActionMask = 2147483647;
			files = (
			);
			inputFileListPaths = (
				"${PODS_ROOT}/Target Support Files/Pods-MyVacation/Pods-MyVacation-frameworks-${CONFIGURATION}-input-files.xcfilelist",
			);
			name = "[CP] Embed Pods Frameworks";
			outputFileListPaths = (
				"${PODS_ROOT}/Target Support Files/Pods-MyVacation/Pods-MyVacation-frameworks-${CONFIGURATION}-output-files.xcfilelist",
			);
			runOnlyForDeploymentPostprocessing = 0;
			shellPath = /bin/sh;
			shellScript = "\"${PODS_ROOT}/Target Support Files/Pods-MyVacation/Pods-MyVacation-frameworks.sh\"\n";
			showEnvVarsInLog = 0;
		};
/* End PBXShellScriptBuildPhase section */

/* Begin PBXSourcesBuildPhase section */
		C388932E27D9BA1100504C49 /* Sources */ = {
			isa = PBXSourcesBuildPhase;
			buildActionMask = 2147483647;
			files = (
				C3F286A727DFEA8600130254 /* UIImage+Extension.swift in Sources */,
				C388934B27D9C6B400504C49 /* MainViewController.swift in Sources */,
				5BC9C14B27E7CF87003231FF /* Plan.swift in Sources */,
				5BFB14C527DFECAE00F77EF8 /* PlacesViewController.swift in Sources */,
				C388933627D9BA1100504C49 /* AppDelegate.swift in Sources */,
				C38D67AA27DEA0E40076DF12 /* VacationDetailsViewController.swift in Sources */,
				C38D67A727DE90ED0076DF12 /* VacationCell.swift in Sources */,
				C3F2869827DFD29100130254 /* WeatherCell.swift in Sources */,
				C3F286A227DFD7ED00130254 /* UICollectionView+ Extension.swift in Sources */,
				C3F2869D27DFD2C800130254 /* InterestingPlaceCell.swift in Sources */,
				C3357FA327E0FA6900ED59B6 /* SettingsViewController.swift in Sources */,
				C3357FA927E0FAAE00ED59B6 /* PopularVacationsViewController.swift in Sources */,
				92E8305727DDC60800177B4F /* SignInUpViewController.swift in Sources */,
				C388933827D9BA1100504C49 /* SceneDelegate.swift in Sources */,
				C388934D27D9C70D00504C49 /* NSObject + Extension.swift in Sources */,
				C3F286A027DFD5AD00130254 /* UIView+Extension.swift in Sources */,
				C3357FB127E10B8800ED59B6 /* HomeViewController.swift in Sources */,
				C3357F9E27E0F8BC00ED59B6 /* TabBarController.swift in Sources */,
				C3F286A427DFD94F00130254 /* UITableView+Extension.swift in Sources */,
				C3357FAB27E0FACC00ED59B6 /* MapViewController.swift in Sources */,
				5BFB14C327DF97CD00F77EF8 /* PlanViewController.swift in Sources */,
			);
			runOnlyForDeploymentPostprocessing = 0;
		};
/* End PBXSourcesBuildPhase section */

/* Begin PBXVariantGroup section */
		C388934027D9BA1400504C49 /* LaunchScreen.storyboard */ = {
			isa = PBXVariantGroup;
			children = (
				C388934127D9BA1400504C49 /* Base */,
			);
			name = LaunchScreen.storyboard;
			sourceTree = "<group>";
		};
/* End PBXVariantGroup section */

/* Begin XCBuildConfiguration section */
		C388934427D9BA1400504C49 /* Debug */ = {
			isa = XCBuildConfiguration;
			buildSettings = {
				ALWAYS_SEARCH_USER_PATHS = NO;
				CLANG_ANALYZER_NONNULL = YES;
				CLANG_ANALYZER_NUMBER_OBJECT_CONVERSION = YES_AGGRESSIVE;
				CLANG_CXX_LANGUAGE_STANDARD = "gnu++17";
				CLANG_CXX_LIBRARY = "libc++";
				CLANG_ENABLE_MODULES = YES;
				CLANG_ENABLE_OBJC_ARC = YES;
				CLANG_ENABLE_OBJC_WEAK = YES;
				CLANG_WARN_BLOCK_CAPTURE_AUTORELEASING = YES;
				CLANG_WARN_BOOL_CONVERSION = YES;
				CLANG_WARN_COMMA = YES;
				CLANG_WARN_CONSTANT_CONVERSION = YES;
				CLANG_WARN_DEPRECATED_OBJC_IMPLEMENTATIONS = YES;
				CLANG_WARN_DIRECT_OBJC_ISA_USAGE = YES_ERROR;
				CLANG_WARN_DOCUMENTATION_COMMENTS = YES;
				CLANG_WARN_EMPTY_BODY = YES;
				CLANG_WARN_ENUM_CONVERSION = YES;
				CLANG_WARN_INFINITE_RECURSION = YES;
				CLANG_WARN_INT_CONVERSION = YES;
				CLANG_WARN_NON_LITERAL_NULL_CONVERSION = YES;
				CLANG_WARN_OBJC_IMPLICIT_RETAIN_SELF = YES;
				CLANG_WARN_OBJC_LITERAL_CONVERSION = YES;
				CLANG_WARN_OBJC_ROOT_CLASS = YES_ERROR;
				CLANG_WARN_QUOTED_INCLUDE_IN_FRAMEWORK_HEADER = YES;
				CLANG_WARN_RANGE_LOOP_ANALYSIS = YES;
				CLANG_WARN_STRICT_PROTOTYPES = YES;
				CLANG_WARN_SUSPICIOUS_MOVE = YES;
				CLANG_WARN_UNGUARDED_AVAILABILITY = YES_AGGRESSIVE;
				CLANG_WARN_UNREACHABLE_CODE = YES;
				CLANG_WARN__DUPLICATE_METHOD_MATCH = YES;
				COPY_PHASE_STRIP = NO;
				DEBUG_INFORMATION_FORMAT = dwarf;
				ENABLE_STRICT_OBJC_MSGSEND = YES;
				ENABLE_TESTABILITY = YES;
				GCC_C_LANGUAGE_STANDARD = gnu11;
				GCC_DYNAMIC_NO_PIC = NO;
				GCC_NO_COMMON_BLOCKS = YES;
				GCC_OPTIMIZATION_LEVEL = 0;
				GCC_PREPROCESSOR_DEFINITIONS = (
					"DEBUG=1",
					"$(inherited)",
				);
				GCC_WARN_64_TO_32_BIT_CONVERSION = YES;
				GCC_WARN_ABOUT_RETURN_TYPE = YES_ERROR;
				GCC_WARN_UNDECLARED_SELECTOR = YES;
				GCC_WARN_UNINITIALIZED_AUTOS = YES_AGGRESSIVE;
				GCC_WARN_UNUSED_FUNCTION = YES;
				GCC_WARN_UNUSED_VARIABLE = YES;
				IPHONEOS_DEPLOYMENT_TARGET = 15.2;
				MTL_ENABLE_DEBUG_INFO = INCLUDE_SOURCE;
				MTL_FAST_MATH = YES;
				ONLY_ACTIVE_ARCH = YES;
				SDKROOT = iphoneos;
				SWIFT_ACTIVE_COMPILATION_CONDITIONS = DEBUG;
				SWIFT_OPTIMIZATION_LEVEL = "-Onone";
			};
			name = Debug;
		};
		C388934527D9BA1400504C49 /* Release */ = {
			isa = XCBuildConfiguration;
			buildSettings = {
				ALWAYS_SEARCH_USER_PATHS = NO;
				CLANG_ANALYZER_NONNULL = YES;
				CLANG_ANALYZER_NUMBER_OBJECT_CONVERSION = YES_AGGRESSIVE;
				CLANG_CXX_LANGUAGE_STANDARD = "gnu++17";
				CLANG_CXX_LIBRARY = "libc++";
				CLANG_ENABLE_MODULES = YES;
				CLANG_ENABLE_OBJC_ARC = YES;
				CLANG_ENABLE_OBJC_WEAK = YES;
				CLANG_WARN_BLOCK_CAPTURE_AUTORELEASING = YES;
				CLANG_WARN_BOOL_CONVERSION = YES;
				CLANG_WARN_COMMA = YES;
				CLANG_WARN_CONSTANT_CONVERSION = YES;
				CLANG_WARN_DEPRECATED_OBJC_IMPLEMENTATIONS = YES;
				CLANG_WARN_DIRECT_OBJC_ISA_USAGE = YES_ERROR;
				CLANG_WARN_DOCUMENTATION_COMMENTS = YES;
				CLANG_WARN_EMPTY_BODY = YES;
				CLANG_WARN_ENUM_CONVERSION = YES;
				CLANG_WARN_INFINITE_RECURSION = YES;
				CLANG_WARN_INT_CONVERSION = YES;
				CLANG_WARN_NON_LITERAL_NULL_CONVERSION = YES;
				CLANG_WARN_OBJC_IMPLICIT_RETAIN_SELF = YES;
				CLANG_WARN_OBJC_LITERAL_CONVERSION = YES;
				CLANG_WARN_OBJC_ROOT_CLASS = YES_ERROR;
				CLANG_WARN_QUOTED_INCLUDE_IN_FRAMEWORK_HEADER = YES;
				CLANG_WARN_RANGE_LOOP_ANALYSIS = YES;
				CLANG_WARN_STRICT_PROTOTYPES = YES;
				CLANG_WARN_SUSPICIOUS_MOVE = YES;
				CLANG_WARN_UNGUARDED_AVAILABILITY = YES_AGGRESSIVE;
				CLANG_WARN_UNREACHABLE_CODE = YES;
				CLANG_WARN__DUPLICATE_METHOD_MATCH = YES;
				COPY_PHASE_STRIP = NO;
				DEBUG_INFORMATION_FORMAT = "dwarf-with-dsym";
				ENABLE_NS_ASSERTIONS = NO;
				ENABLE_STRICT_OBJC_MSGSEND = YES;
				GCC_C_LANGUAGE_STANDARD = gnu11;
				GCC_NO_COMMON_BLOCKS = YES;
				GCC_WARN_64_TO_32_BIT_CONVERSION = YES;
				GCC_WARN_ABOUT_RETURN_TYPE = YES_ERROR;
				GCC_WARN_UNDECLARED_SELECTOR = YES;
				GCC_WARN_UNINITIALIZED_AUTOS = YES_AGGRESSIVE;
				GCC_WARN_UNUSED_FUNCTION = YES;
				GCC_WARN_UNUSED_VARIABLE = YES;
				IPHONEOS_DEPLOYMENT_TARGET = 15.2;
				MTL_ENABLE_DEBUG_INFO = NO;
				MTL_FAST_MATH = YES;
				SDKROOT = iphoneos;
				SWIFT_COMPILATION_MODE = wholemodule;
				SWIFT_OPTIMIZATION_LEVEL = "-O";
				VALIDATE_PRODUCT = YES;
			};
			name = Release;
		};
		C388934727D9BA1400504C49 /* Debug */ = {
			isa = XCBuildConfiguration;
			baseConfigurationReference = EB27986006E84BE2E894F51B /* Pods-MyVacation.debug.xcconfig */;
			buildSettings = {
				ASSETCATALOG_COMPILER_APPICON_NAME = AppIcon;
				ASSETCATALOG_COMPILER_GLOBAL_ACCENT_COLOR_NAME = AccentColor;
				CODE_SIGN_STYLE = Automatic;
				CURRENT_PROJECT_VERSION = 1;
				DEVELOPMENT_TEAM = X3Y28ZY2MG;
				GENERATE_INFOPLIST_FILE = YES;
				INFOPLIST_FILE = MyVacation/Info.plist;
				INFOPLIST_KEY_UIApplicationSupportsIndirectInputEvents = YES;
				INFOPLIST_KEY_UILaunchStoryboardName = LaunchScreen;
				INFOPLIST_KEY_UIMainStoryboardFile = Home;
				INFOPLIST_KEY_UISupportedInterfaceOrientations_iPad = "UIInterfaceOrientationPortrait UIInterfaceOrientationPortraitUpsideDown UIInterfaceOrientationLandscapeLeft UIInterfaceOrientationLandscapeRight";
				INFOPLIST_KEY_UISupportedInterfaceOrientations_iPhone = "UIInterfaceOrientationPortrait UIInterfaceOrientationLandscapeLeft UIInterfaceOrientationLandscapeRight";
				IPHONEOS_DEPLOYMENT_TARGET = 14.0;
				LD_RUNPATH_SEARCH_PATHS = (
					"$(inherited)",
					"@executable_path/Frameworks",
				);
				MARKETING_VERSION = 1.0;
				PRODUCT_BUNDLE_IDENTIFIER = com.dbantan.MyVacation;
				PRODUCT_NAME = "$(TARGET_NAME)";
				SWIFT_EMIT_LOC_STRINGS = YES;
				SWIFT_VERSION = 5.0;
				TARGETED_DEVICE_FAMILY = "1,2";
			};
			name = Debug;
		};
		C388934827D9BA1400504C49 /* Release */ = {
			isa = XCBuildConfiguration;
			baseConfigurationReference = 61E237A416F361839089D00D /* Pods-MyVacation.release.xcconfig */;
			buildSettings = {
				ASSETCATALOG_COMPILER_APPICON_NAME = AppIcon;
				ASSETCATALOG_COMPILER_GLOBAL_ACCENT_COLOR_NAME = AccentColor;
				CODE_SIGN_STYLE = Automatic;
				CURRENT_PROJECT_VERSION = 1;
				DEVELOPMENT_TEAM = X3Y28ZY2MG;
				GENERATE_INFOPLIST_FILE = YES;
				INFOPLIST_FILE = MyVacation/Info.plist;
				INFOPLIST_KEY_UIApplicationSupportsIndirectInputEvents = YES;
				INFOPLIST_KEY_UILaunchStoryboardName = LaunchScreen;
				INFOPLIST_KEY_UIMainStoryboardFile = Home;
				INFOPLIST_KEY_UISupportedInterfaceOrientations_iPad = "UIInterfaceOrientationPortrait UIInterfaceOrientationPortraitUpsideDown UIInterfaceOrientationLandscapeLeft UIInterfaceOrientationLandscapeRight";
				INFOPLIST_KEY_UISupportedInterfaceOrientations_iPhone = "UIInterfaceOrientationPortrait UIInterfaceOrientationLandscapeLeft UIInterfaceOrientationLandscapeRight";
				IPHONEOS_DEPLOYMENT_TARGET = 14.0;
				LD_RUNPATH_SEARCH_PATHS = (
					"$(inherited)",
					"@executable_path/Frameworks",
				);
				MARKETING_VERSION = 1.0;
				PRODUCT_BUNDLE_IDENTIFIER = com.dbantan.MyVacation;
				PRODUCT_NAME = "$(TARGET_NAME)";
				SWIFT_EMIT_LOC_STRINGS = YES;
				SWIFT_VERSION = 5.0;
				TARGETED_DEVICE_FAMILY = "1,2";
			};
			name = Release;
		};
/* End XCBuildConfiguration section */

/* Begin XCConfigurationList section */
		C388932D27D9BA1100504C49 /* Build configuration list for PBXProject "MyVacation" */ = {
			isa = XCConfigurationList;
			buildConfigurations = (
				C388934427D9BA1400504C49 /* Debug */,
				C388934527D9BA1400504C49 /* Release */,
			);
			defaultConfigurationIsVisible = 0;
			defaultConfigurationName = Release;
		};
		C388934627D9BA1400504C49 /* Build configuration list for PBXNativeTarget "MyVacation" */ = {
			isa = XCConfigurationList;
			buildConfigurations = (
				C388934727D9BA1400504C49 /* Debug */,
				C388934827D9BA1400504C49 /* Release */,
			);
			defaultConfigurationIsVisible = 0;
			defaultConfigurationName = Release;
		};
/* End XCConfigurationList section */
	};
	rootObject = C388932A27D9BA1100504C49 /* Project object */;
}
